schema: '2.0'
stages:
  data_ingestion:
    cmd: python -m src.components.data_ingestion
    deps:
    - path: config/config.yaml
      hash: md5
      md5: dbffa3185dbbb2fb311b1397ec6b4c5d
      size: 4181
    - path: src/components/data_ingestion.py
      hash: md5
      md5: 8618a33e1dace49d2d5cfe3f4b7efc8f
      size: 6943
    - path: src/constants/data_ingestion_constant.py
      hash: md5
      md5: 9496492e4bf8198b5fc25faf52acf96e
      size: 387
    - path: src/entities/config/data_ingestion_config.py
      hash: md5
      md5: 572ae11adb4e9d5bde3f2d7444c6704f
      size: 1815
    outs:
    - path: artifacts/data_ingestion
      hash: md5
      md5: 9a711db75f74341a6daef11fae6cf5a7.dir
      size: 375182
      nfiles: 3
  data_validation:
    cmd: python -m src.components.data_validation
    deps:
    - path: artifacts/data_ingestion
      hash: md5
      md5: 9a711db75f74341a6daef11fae6cf5a7.dir
      size: 375182
      nfiles: 3
    - path: config/config.yaml
      hash: md5
      md5: dbffa3185dbbb2fb311b1397ec6b4c5d
      size: 4181
    - path: src/components/data_validation.py
      hash: md5
      md5: d86a4f5064adc5c67ccc0bc345fd38d2
      size: 10954
    - path: src/constants/data_validation_constant.py
      hash: md5
      md5: 9d7a25665c2e3e8a4bb953342c89dd9a
      size: 317
    - path: src/entities/config/data_validation_config.py
      hash: md5
      md5: 9904c7ccc08a06dbfb8e4c7bf7158b9b
      size: 1706
    outs:
    - path: artifacts/data_validation
      hash: md5
      md5: de1f54b05e933e8d73e99e2e7dda4a70.dir
      size: 189088
      nfiles: 4
  data_transformation:
    cmd: python -m src.components.data_transformation
    deps:
    - path: artifacts/data_validation
      hash: md5
      md5: de1f54b05e933e8d73e99e2e7dda4a70.dir
      size: 189088
      nfiles: 4
    - path: config/config.yaml
      hash: md5
      md5: dbffa3185dbbb2fb311b1397ec6b4c5d
      size: 4181
    - path: src/components/data_transformation.py
      hash: md5
      md5: 99a5ffadab9674d4ff4b04215c412054
      size: 5007
    - path: src/constants/data_transformation_constant.py
      hash: md5
      md5: 1dd1ba36556779df2ce0acf5fe85d757
      size: 260
    - path: src/entities/config/data_transformation_config.py
      hash: md5
      md5: 28f62f5fcadfd4030d5eb8abc5db0151
      size: 1814
    outs:
    - path: artifacts/data_transformation
      hash: md5
      md5: 0cc415c8fc928316dfb2921b2845daaf.dir
      size: 187666
      nfiles: 2
  model_trainer:
    cmd: python -m src.components.model_trainer
    deps:
    - path: artifacts/data_transformation
      hash: md5
      md5: 0cc415c8fc928316dfb2921b2845daaf.dir
      size: 187666
      nfiles: 2
    - path: config/config.yaml
      hash: md5
      md5: dbffa3185dbbb2fb311b1397ec6b4c5d
      size: 4181
    - path: src/components/model_trainer.py
      hash: md5
      md5: 2b22abc51398c6a3613d05df4cde5b8b
      size: 10262
    - path: src/constants/model_trainer_constants.py
      hash: md5
      md5: 518cbcc54ea009aa6dcab4fb27c8859d
      size: 401
    - path: src/entities/config/model_trainer_config.py
      hash: md5
      md5: 5e62ed26b608fe3a5a1b55e4da78ebe4
      size: 965
    outs:
    - path: artifacts/model_trainer
      hash: md5
      md5: 9730db25478707385c8b739d4e0f944b.dir
      size: 1166
      nfiles: 2
